
Microsoft Visual Studio Solution File, Format Version 12.00
# Visual Studio Version 17
VisualStudioVersion = 17.2.32630.192
MinimumVisualStudioVersion = 10.0.40219.1
Project("{9A19103F-16F7-4668-BE54-9A1E7A4F7556}") = "PhotosAnalyzer", "PhotosAnalyzer\PhotosAnalyzer.csproj", "{37B41F74-A3D6-4920-84A6-857D9861B48A}"
EndProject
Project("{9A19103F-16F7-4668-BE54-9A1E7A4F7556}") = "PhotosAnalyzer.AnalyzerService.Abstarctions", "Photos.AnalyzerService.Abstarctions\PhotosAnalyzer.AnalyzerService.Abstarctions.csproj", "{CEA8CC5D-0F5D-407A-A525-34E81CA2044F}"
EndProject
Project("{9A19103F-16F7-4668-BE54-9A1E7A4F7556}") = "PhotosAnalyzer.AnalyzerService", "Photos.AnalyzerService\PhotosAnalyzer.AnalyzerService.csproj", "{97314BA4-6943-4D60-840B-ADF804309435}"
EndProject
Global
	GlobalSection(SolutionConfigurationPlatforms) = preSolution
		Debug|Any CPU = Debug|Any CPU
		Release|Any CPU = Release|Any CPU
	EndGlobalSection
	GlobalSection(ProjectConfigurationPlatforms) = postSolution
		{37B41F74-A3D6-4920-84A6-857D9861B48A}.Debug|Any CPU.ActiveCfg = Debug|Any CPU
		{37B41F74-A3D6-4920-84A6-857D9861B48A}.Debug|Any CPU.Build.0 = Debug|Any CPU
		{37B41F74-A3D6-4920-84A6-857D9861B48A}.Release|Any CPU.ActiveCfg = Release|Any CPU
		{37B41F74-A3D6-4920-84A6-857D9861B48A}.Release|Any CPU.Build.0 = Release|Any CPU
		{CEA8CC5D-0F5D-407A-A525-34E81CA2044F}.Debug|Any CPU.ActiveCfg = Debug|Any CPU
		{CEA8CC5D-0F5D-407A-A525-34E81CA2044F}.Debug|Any CPU.Build.0 = Debug|Any CPU
		{CEA8CC5D-0F5D-407A-A525-34E81CA2044F}.Release|Any CPU.ActiveCfg = Release|Any CPU
		{CEA8CC5D-0F5D-407A-A525-34E81CA2044F}.Release|Any CPU.Build.0 = Release|Any CPU
		{97314BA4-6943-4D60-840B-ADF804309435}.Debug|Any CPU.ActiveCfg = Debug|Any CPU
		{97314BA4-6943-4D60-840B-ADF804309435}.Debug|Any CPU.Build.0 = Debug|Any CPU
		{97314BA4-6943-4D60-840B-ADF804309435}.Release|Any CPU.ActiveCfg = Release|Any CPU
		{97314BA4-6943-4D60-840B-ADF804309435}.Release|Any CPU.Build.0 = Release|Any CPU
	EndGlobalSection
	GlobalSection(SolutionProperties) = preSolution
		HideSolutionNode = FALSE
	EndGlobalSection
	GlobalSection(ExtensibilityGlobals) = postSolution
		SolutionGuid = {4ECB4E96-826A-4087-912D-E59ADD929920}
	EndGlobalSection
EndGlobal
